
Microsoft Visual Studio Solution File, Format Version 12.00
# Visual Studio Version 16
VisualStudioVersion = 16.0.31624.102
MinimumVisualStudioVersion = 10.0.40219.1
Project("{FAE04EC0-301F-11D3-BF4B-00C04F79EFBC}") = "ObjectDumperExperimenting", "ObjectDumperExperimenting\ObjectDumperExperimenting.csproj", "{18255E27-DF40-4B3D-BD42-AAB8E0DBDAA6}"
EndProject
Global
	GlobalSection(SolutionConfigurationPlatforms) = preSolution
		Debug|Any CPU = Debug|Any CPU
		Release|Any CPU = Release|Any CPU
	EndGlobalSection
	GlobalSection(ProjectConfigurationPlatforms) = postSolution
		{18255E27-DF40-4B3D-BD42-AAB8E0DBDAA6}.Debug|Any CPU.ActiveCfg = Debug|Any CPU
		{18255E27-DF40-4B3D-BD42-AAB8E0DBDAA6}.Debug|Any CPU.Build.0 = Debug|Any CPU
		{18255E27-DF40-4B3D-BD42-AAB8E0DBDAA6}.Release|Any CPU.ActiveCfg = Release|Any CPU
		{18255E27-DF40-4B3D-BD42-AAB8E0DBDAA6}.Release|Any CPU.Build.0 = Release|Any CPU
	EndGlobalSection
	GlobalSection(SolutionProperties) = preSolution
		HideSolutionNode = FALSE
	EndGlobalSection
	GlobalSection(ExtensibilityGlobals) = postSolution
		SolutionGuid = {6593F982-8523-43BC-83DD-8556D2469B32}
	EndGlobalSection
EndGlobal
